
Microsoft Visual Studio Solution File, Format Version 12.00
# Visual Studio 15
Project("{FAE04EC0-301F-11D3-BF4B-00C04F79EFBC}") = "UnityEngine.UI", "UnityEngine.UI.csproj", "{6BA1CCCD-7564-1ED5-685C-2629A78033EB}"
EndProject
Project("{FAE04EC0-301F-11D3-BF4B-00C04F79EFBC}") = "UnityEngine.TestRunner", "UnityEngine.TestRunner.csproj", "{B06FC744-28C1-661E-8262-E0BF87110D17}"
EndProject
Project("{FAE04EC0-301F-11D3-BF4B-00C04F79EFBC}") = "Unity.Mathematics", "Unity.Mathematics.csproj", "{7BC26949-CFA8-CE63-EFBF-96F6EC32D781}"
EndProject
Project("{FAE04EC0-301F-11D3-BF4B-00C04F79EFBC}") = "Unity.2D.Animation.Triangle.Runtime", "Unity.2D.Animation.Triangle.Runtime.csproj", "{D2847408-9B6F-F88D-7636-1C0E13269227}"
EndProject
Project("{FAE04EC0-301F-11D3-BF4B-00C04F79EFBC}") = "Unity.Timeline", "Unity.Timeline.csproj", "{A91B0CAF-CADE-22BE-E330-728E39EB748C}"
EndProject
Project("{FAE04EC0-301F-11D3-BF4B-00C04F79EFBC}") = "Cinemachine", "Cinemachine.csproj", "{748590E4-F4BE-77BB-E5CD-2C0909D3A7B5}"
EndProject
Project("{FAE04EC0-301F-11D3-BF4B-00C04F79EFBC}") = "Unity.TextMeshPro", "Unity.TextMeshPro.csproj", "{547CD652-35FE-5744-7987-ED9586608E07}"
EndProject
Project("{FAE04EC0-301F-11D3-BF4B-00C04F79EFBC}") = "Assembly-CSharp", "Assembly-CSharp.csproj", "{A780B45F-F972-9343-254F-83F8E9225888}"
EndProject
Project("{FAE04EC0-301F-11D3-BF4B-00C04F79EFBC}") = "Unity.2D.Animation.Runtime", "Unity.2D.Animation.Runtime.csproj", "{CDD3FAF9-03C9-6191-3827-EA998B961965}"
EndProject
Project("{FAE04EC0-301F-11D3-BF4B-00C04F79EFBC}") = "Unity.2D.IK.Runtime", "Unity.2D.IK.Runtime.csproj", "{DB76EAA0-D0FE-4975-A174-A66541274565}"
EndProject
Project("{FAE04EC0-301F-11D3-BF4B-00C04F79EFBC}") = "Unity.2D.Tilemap.Extras", "Unity.2D.Tilemap.Extras.csproj", "{33D4284D-C132-1708-4198-9376ED6040B8}"
EndProject
Project("{FAE04EC0-301F-11D3-BF4B-00C04F79EFBC}") = "Unity.2D.SpriteShape.Runtime", "Unity.2D.SpriteShape.Runtime.csproj", "{7EA7835F-6745-79AB-DF8A-D9F8DDE4847A}"
EndProject
Project("{FAE04EC0-301F-11D3-BF4B-00C04F79EFBC}") = "Unity.2D.PixelPerfect", "Unity.2D.PixelPerfect.csproj", "{824B7DB2-8ED3-8F59-3147-873FBF79CC6F}"
EndProject
Project("{FAE04EC0-301F-11D3-BF4B-00C04F79EFBC}") = "Unity.2D.Common.Runtime", "Unity.2D.Common.Runtime.csproj", "{F3A06E89-FFF8-664E-341F-82DC04AEB9BF}"
EndProject
Project("{FAE04EC0-301F-11D3-BF4B-00C04F79EFBC}") = "Unity.InternalAPIEngineBridge.001", "Unity.InternalAPIEngineBridge.001.csproj", "{6469652D-D443-7115-73C4-A054FE4B0BC7}"
EndProject
Project("{FAE04EC0-301F-11D3-BF4B-00C04F79EFBC}") = "UnityEditor.TestRunner", "UnityEditor.TestRunner.csproj", "{761859BE-E5C9-7AC9-3DB4-A61DA814247A}"
EndProject
Project("{FAE04EC0-301F-11D3-BF4B-00C04F79EFBC}") = "Unity.PlasticSCM.Editor", "Unity.PlasticSCM.Editor.csproj", "{62A3286A-F04E-92AE-A264-B3524147BB0B}"
EndProject
Project("{FAE04EC0-301F-11D3-BF4B-00C04F79EFBC}") = "UnityEditor.UI", "UnityEditor.UI.csproj", "{2A558AD0-A73C-4D6A-D03B-87ECEE2B988F}"
EndProject
Project("{FAE04EC0-301F-11D3-BF4B-00C04F79EFBC}") = "Unity.Timeline.Editor", "Unity.Timeline.Editor.csproj", "{9BC26C9D-4DF6-1B2B-4495-5A4649C7DE30}"
EndProject
Project("{FAE04EC0-301F-11D3-BF4B-00C04F79EFBC}") = "Unity.VisualStudio.Editor", "Unity.VisualStudio.Editor.csproj", "{373E1830-4DF0-2302-A7FF-30E18B1D8CB8}"
EndProject
Project("{FAE04EC0-301F-11D3-BF4B-00C04F79EFBC}") = "com.unity.cinemachine.editor", "com.unity.cinemachine.editor.csproj", "{DA5F96D9-A037-4129-F4A0-24D54F9C485C}"
EndProject
Project("{FAE04EC0-301F-11D3-BF4B-00C04F79EFBC}") = "Unity.2D.Psdimporter.Editor", "Unity.2D.Psdimporter.Editor.csproj", "{74DDF6FA-93EA-8D6B-4C5D-1451D1C91AED}"
EndProject
Project("{FAE04EC0-301F-11D3-BF4B-00C04F79EFBC}") = "Unity.2D.Animation.Editor", "Unity.2D.Animation.Editor.csproj", "{37DD7C70-4869-A1FF-C073-6644036DF9A0}"
EndProject
Project("{FAE04EC0-301F-11D3-BF4B-00C04F79EFBC}") = "Unity.TextMeshPro.Editor", "Unity.TextMeshPro.Editor.csproj", "{99C086AF-BD6F-BA73-B654-476FB7D8351E}"
EndProject
Project("{FAE04EC0-301F-11D3-BF4B-00C04F79EFBC}") = "Unity.2D.SpriteShape.Editor", "Unity.2D.SpriteShape.Editor.csproj", "{9D5475A4-2E15-F008-93EC-6C6450E48C1F}"
EndProject
Project("{FAE04EC0-301F-11D3-BF4B-00C04F79EFBC}") = "Unity.CollabProxy.Editor", "Unity.CollabProxy.Editor.csproj", "{340F46B3-D4A9-D447-7632-FE0385036747}"
EndProject
Project("{FAE04EC0-301F-11D3-BF4B-00C04F79EFBC}") = "PsdPlugin", "PsdPlugin.csproj", "{6117E76C-834E-95A8-9705-D192C2F35D23}"
EndProject
Project("{FAE04EC0-301F-11D3-BF4B-00C04F79EFBC}") = "Unity.2D.Path.Editor", "Unity.2D.Path.Editor.csproj", "{A434A4CD-CD03-1D63-CD13-DAF561E9F06C}"
EndProject
Project("{FAE04EC0-301F-11D3-BF4B-00C04F79EFBC}") = "Unity.Rider.Editor", "Unity.Rider.Editor.csproj", "{7A33DE75-6FDE-3D6A-FA6D-7599A84A9A0B}"
EndProject
Project("{FAE04EC0-301F-11D3-BF4B-00C04F79EFBC}") = "Assembly-CSharp-Editor", "Assembly-CSharp-Editor.csproj", "{E3BFC726-82A4-A82F-1ED2-2FC4A2A05118}"
EndProject
Project("{FAE04EC0-301F-11D3-BF4B-00C04F79EFBC}") = "Unity.2D.IK.Editor", "Unity.2D.IK.Editor.csproj", "{0D01BF4A-5440-84ED-6602-8D39AE7BE85C}"
EndProject
Project("{FAE04EC0-301F-11D3-BF4B-00C04F79EFBC}") = "Unity.2D.Sprite.Editor", "Unity.2D.Sprite.Editor.csproj", "{CFC042CC-F879-C4FF-6688-9972229B19C1}"
EndProject
Project("{FAE04EC0-301F-11D3-BF4B-00C04F79EFBC}") = "Unity.2D.Tilemap.Editor", "Unity.2D.Tilemap.Editor.csproj", "{CE0BB6FC-077A-508B-C63E-985F7D6599A9}"
EndProject
Project("{FAE04EC0-301F-11D3-BF4B-00C04F79EFBC}") = "Unity.2D.Tilemap.Extras.Editor", "Unity.2D.Tilemap.Extras.Editor.csproj", "{2F4EE92E-4802-C3EE-35DB-847457484F47}"
EndProject
Project("{FAE04EC0-301F-11D3-BF4B-00C04F79EFBC}") = "Unity.2D.PixelPerfect.Editor", "Unity.2D.PixelPerfect.Editor.csproj", "{686D6D1E-E008-BA33-A0EB-0999FB26FB97}"
EndProject
Project("{FAE04EC0-301F-11D3-BF4B-00C04F79EFBC}") = "Unity.VSCode.Editor", "Unity.VSCode.Editor.csproj", "{0BDFABE3-BF93-D10C-5A4A-9FE8854304B4}"
EndProject
Project("{FAE04EC0-301F-11D3-BF4B-00C04F79EFBC}") = "Unity.2D.Common.Editor", "Unity.2D.Common.Editor.csproj", "{134D9B62-AF07-6574-410F-E91D3758CADB}"
EndProject
Project("{FAE04EC0-301F-11D3-BF4B-00C04F79EFBC}") = "Unity.Mathematics.Editor", "Unity.Mathematics.Editor.csproj", "{EECD0BFD-658C-C30F-F439-3395047DA825}"
EndProject
Project("{FAE04EC0-301F-11D3-BF4B-00C04F79EFBC}") = "Unity.InternalAPIEditorBridge.001", "Unity.InternalAPIEditorBridge.001.csproj", "{EAF24FB5-D15E-EA06-804F-A9835A97AE98}"
EndProject
Project("{FAE04EC0-301F-11D3-BF4B-00C04F79EFBC}") = "UnityEngine.UI", "UnityEngine.UI.Player.csproj", "{C44B8337-F22B-1414-471F-1E9B8209CE26}"
EndProject
Project("{FAE04EC0-301F-11D3-BF4B-00C04F79EFBC}") = "UnityEngine.TestRunner", "UnityEngine.TestRunner.Player.csproj", "{204969D6-759E-5D15-3EC0-238394BBC153}"
EndProject
Project("{FAE04EC0-301F-11D3-BF4B-00C04F79EFBC}") = "Unity.Mathematics", "Unity.Mathematics.Player.csproj", "{F1FB1EFF-373A-5DFF-E062-8150C721D8A5}"
EndProject
Project("{FAE04EC0-301F-11D3-BF4B-00C04F79EFBC}") = "Unity.2D.Animation.Triangle.Runtime", "Unity.2D.Animation.Triangle.Runtime.Player.csproj", "{4F33A7CC-2BD3-A42C-B120-1ADF3DBD1612}"
EndProject
Project("{FAE04EC0-301F-11D3-BF4B-00C04F79EFBC}") = "Unity.Timeline", "Unity.Timeline.Player.csproj", "{AABD0773-5582-8616-F548-05896DC4303A}"
EndProject
Project("{FAE04EC0-301F-11D3-BF4B-00C04F79EFBC}") = "Cinemachine", "Cinemachine.Player.csproj", "{C227DF84-0A06-1D47-A065-52F38C0A7438}"
EndProject
Project("{FAE04EC0-301F-11D3-BF4B-00C04F79EFBC}") = "Unity.TextMeshPro", "Unity.TextMeshPro.Player.csproj", "{EEE65E63-E3A9-A758-8653-C8262913D804}"
EndProject
Project("{FAE04EC0-301F-11D3-BF4B-00C04F79EFBC}") = "Assembly-CSharp", "Assembly-CSharp.Player.csproj", "{9382A578-AE09-CB63-20B8-2995F7600EFF}"
EndProject
Project("{FAE04EC0-301F-11D3-BF4B-00C04F79EFBC}") = "Unity.2D.Animation.Runtime", "Unity.2D.Animation.Runtime.Player.csproj", "{39264E82-44BE-B4CC-B548-90133E5589C4}"
EndProject
Project("{FAE04EC0-301F-11D3-BF4B-00C04F79EFBC}") = "Unity.2D.IK.Runtime", "Unity.2D.IK.Runtime.Player.csproj", "{04FDFF2B-BA78-0E49-2873-20BED02FCBAF}"
EndProject
Project("{FAE04EC0-301F-11D3-BF4B-00C04F79EFBC}") = "Unity.2D.Tilemap.Extras", "Unity.2D.Tilemap.Extras.Player.csproj", "{3CA1DE4E-EC8D-402E-0A28-1ED0665A8123}"
EndProject
Project("{FAE04EC0-301F-11D3-BF4B-00C04F79EFBC}") = "Unity.2D.SpriteShape.Runtime", "Unity.2D.SpriteShape.Runtime.Player.csproj", "{0849427C-0BE4-6F77-23A2-BED966CA4785}"
EndProject
Project("{FAE04EC0-301F-11D3-BF4B-00C04F79EFBC}") = "Unity.2D.PixelPerfect", "Unity.2D.PixelPerfect.Player.csproj", "{C136EBFB-B187-3BB1-2D0A-7B799C8C3972}"
EndProject
Project("{FAE04EC0-301F-11D3-BF4B-00C04F79EFBC}") = "Unity.2D.Common.Runtime", "Unity.2D.Common.Runtime.Player.csproj", "{FC969F46-1DDA-7E30-B18B-F0697DE17752}"
EndProject
Project("{FAE04EC0-301F-11D3-BF4B-00C04F79EFBC}") = "Unity.InternalAPIEngineBridge.001", "Unity.InternalAPIEngineBridge.001.Player.csproj", "{6CFB2195-8A45-15D4-A892-3B0EF4C35164}"
EndProject
Global
	GlobalSection(SolutionConfigurationPlatforms) = preSolution
		Debug|Any CPU = Debug|Any CPU
		Release|Any CPU = Release|Any CPU
	EndGlobalSection
	GlobalSection(ProjectConfigurationPlatforms) = postSolution
		{6BA1CCCD-7564-1ED5-685C-2629A78033EB}.Debug|Any CPU.ActiveCfg = Debug|Any CPU
		{6BA1CCCD-7564-1ED5-685C-2629A78033EB}.Debug|Any CPU.Build.0 = Debug|Any CPU
		{6BA1CCCD-7564-1ED5-685C-2629A78033EB}.Release|Any CPU.ActiveCfg = Release|Any CPU
		{6BA1CCCD-7564-1ED5-685C-2629A78033EB}.Release|Any CPU.Build.0 = Release|Any CPU
		{B06FC744-28C1-661E-8262-E0BF87110D17}.Debug|Any CPU.ActiveCfg = Debug|Any CPU
		{B06FC744-28C1-661E-8262-E0BF87110D17}.Debug|Any CPU.Build.0 = Debug|Any CPU
		{B06FC744-28C1-661E-8262-E0BF87110D17}.Release|Any CPU.ActiveCfg = Release|Any CPU
		{B06FC744-28C1-661E-8262-E0BF87110D17}.Release|Any CPU.Build.0 = Release|Any CPU
		{7BC26949-CFA8-CE63-EFBF-96F6EC32D781}.Debug|Any CPU.ActiveCfg = Debug|Any CPU
		{7BC26949-CFA8-CE63-EFBF-96F6EC32D781}.Debug|Any CPU.Build.0 = Debug|Any CPU
		{7BC26949-CFA8-CE63-EFBF-96F6EC32D781}.Release|Any CPU.ActiveCfg = Release|Any CPU
		{7BC26949-CFA8-CE63-EFBF-96F6EC32D781}.Release|Any CPU.Build.0 = Release|Any CPU
		{D2847408-9B6F-F88D-7636-1C0E13269227}.Debug|Any CPU.ActiveCfg = Debug|Any CPU
		{D2847408-9B6F-F88D-7636-1C0E13269227}.Debug|Any CPU.Build.0 = Debug|Any CPU
		{D2847408-9B6F-F88D-7636-1C0E13269227}.Release|Any CPU.ActiveCfg = Release|Any CPU
		{D2847408-9B6F-F88D-7636-1C0E13269227}.Release|Any CPU.Build.0 = Release|Any CPU
		{A91B0CAF-CADE-22BE-E330-728E39EB748C}.Debug|Any CPU.ActiveCfg = Debug|Any CPU
		{A91B0CAF-CADE-22BE-E330-728E39EB748C}.Debug|Any CPU.Build.0 = Debug|Any CPU
		{A91B0CAF-CADE-22BE-E330-728E39EB748C}.Release|Any CPU.ActiveCfg = Release|Any CPU
		{A91B0CAF-CADE-22BE-E330-728E39EB748C}.Release|Any CPU.Build.0 = Release|Any CPU
		{748590E4-F4BE-77BB-E5CD-2C0909D3A7B5}.Debug|Any CPU.ActiveCfg = Debug|Any CPU
		{748590E4-F4BE-77BB-E5CD-2C0909D3A7B5}.Debug|Any CPU.Build.0 = Debug|Any CPU
		{748590E4-F4BE-77BB-E5CD-2C0909D3A7B5}.Release|Any CPU.ActiveCfg = Release|Any CPU
		{748590E4-F4BE-77BB-E5CD-2C0909D3A7B5}.Release|Any CPU.Build.0 = Release|Any CPU
		{547CD652-35FE-5744-7987-ED9586608E07}.Debug|Any CPU.ActiveCfg = Debug|Any CPU
		{547CD652-35FE-5744-7987-ED9586608E07}.Debug|Any CPU.Build.0 = Debug|Any CPU
		{547CD652-35FE-5744-7987-ED9586608E07}.Release|Any CPU.ActiveCfg = Release|Any CPU
		{547CD652-35FE-5744-7987-ED9586608E07}.Release|Any CPU.Build.0 = Release|Any CPU
		{A780B45F-F972-9343-254F-83F8E9225888}.Debug|Any CPU.ActiveCfg = Debug|Any CPU
		{A780B45F-F972-9343-254F-83F8E9225888}.Debug|Any CPU.Build.0 = Debug|Any CPU
		{A780B45F-F972-9343-254F-83F8E9225888}.Release|Any CPU.ActiveCfg = Release|Any CPU
		{A780B45F-F972-9343-254F-83F8E9225888}.Release|Any CPU.Build.0 = Release|Any CPU
		{CDD3FAF9-03C9-6191-3827-EA998B961965}.Debug|Any CPU.ActiveCfg = Debug|Any CPU
		{CDD3FAF9-03C9-6191-3827-EA998B961965}.Debug|Any CPU.Build.0 = Debug|Any CPU
		{CDD3FAF9-03C9-6191-3827-EA998B961965}.Release|Any CPU.ActiveCfg = Release|Any CPU
		{CDD3FAF9-03C9-6191-3827-EA998B961965}.Release|Any CPU.Build.0 = Release|Any CPU
		{DB76EAA0-D0FE-4975-A174-A66541274565}.Debug|Any CPU.ActiveCfg = Debug|Any CPU
		{DB76EAA0-D0FE-4975-A174-A66541274565}.Debug|Any CPU.Build.0 = Debug|Any CPU
		{DB76EAA0-D0FE-4975-A174-A66541274565}.Release|Any CPU.ActiveCfg = Release|Any CPU
		{DB76EAA0-D0FE-4975-A174-A66541274565}.Release|Any CPU.Build.0 = Release|Any CPU
		{33D4284D-C132-1708-4198-9376ED6040B8}.Debug|Any CPU.ActiveCfg = Debug|Any CPU
		{33D4284D-C132-1708-4198-9376ED6040B8}.Debug|Any CPU.Build.0 = Debug|Any CPU
		{33D4284D-C132-1708-4198-9376ED6040B8}.Release|Any CPU.ActiveCfg = Release|Any CPU
		{33D4284D-C132-1708-4198-9376ED6040B8}.Release|Any CPU.Build.0 = Release|Any CPU
		{7EA7835F-6745-79AB-DF8A-D9F8DDE4847A}.Debug|Any CPU.ActiveCfg = Debug|Any CPU
		{7EA7835F-6745-79AB-DF8A-D9F8DDE4847A}.Debug|Any CPU.Build.0 = Debug|Any CPU
		{7EA7835F-6745-79AB-DF8A-D9F8DDE4847A}.Release|Any CPU.ActiveCfg = Release|Any CPU
		{7EA7835F-6745-79AB-DF8A-D9F8DDE4847A}.Release|Any CPU.Build.0 = Release|Any CPU
		{824B7DB2-8ED3-8F59-3147-873FBF79CC6F}.Debug|Any CPU.ActiveCfg = Debug|Any CPU
		{824B7DB2-8ED3-8F59-3147-873FBF79CC6F}.Debug|Any CPU.Build.0 = Debug|Any CPU
		{824B7DB2-8ED3-8F59-3147-873FBF79CC6F}.Release|Any CPU.ActiveCfg = Release|Any CPU
		{824B7DB2-8ED3-8F59-3147-873FBF79CC6F}.Release|Any CPU.Build.0 = Release|Any CPU
		{F3A06E89-FFF8-664E-341F-82DC04AEB9BF}.Debug|Any CPU.ActiveCfg = Debug|Any CPU
		{F3A06E89-FFF8-664E-341F-82DC04AEB9BF}.Debug|Any CPU.Build.0 = Debug|Any CPU
		{F3A06E89-FFF8-664E-341F-82DC04AEB9BF}.Release|Any CPU.ActiveCfg = Release|Any CPU
		{F3A06E89-FFF8-664E-341F-82DC04AEB9BF}.Release|Any CPU.Build.0 = Release|Any CPU
		{6469652D-D443-7115-73C4-A054FE4B0BC7}.Debug|Any CPU.ActiveCfg = Debug|Any CPU
		{6469652D-D443-7115-73C4-A054FE4B0BC7}.Debug|Any CPU.Build.0 = Debug|Any CPU
		{6469652D-D443-7115-73C4-A054FE4B0BC7}.Release|Any CPU.ActiveCfg = Release|Any CPU
		{6469652D-D443-7115-73C4-A054FE4B0BC7}.Release|Any CPU.Build.0 = Release|Any CPU
		{761859BE-E5C9-7AC9-3DB4-A61DA814247A}.Debug|Any CPU.ActiveCfg = Debug|Any CPU
		{761859BE-E5C9-7AC9-3DB4-A61DA814247A}.Debug|Any CPU.Build.0 = Debug|Any CPU
		{761859BE-E5C9-7AC9-3DB4-A61DA814247A}.Release|Any CPU.ActiveCfg = Release|Any CPU
		{761859BE-E5C9-7AC9-3DB4-A61DA814247A}.Release|Any CPU.Build.0 = Release|Any CPU
		{62A3286A-F04E-92AE-A264-B3524147BB0B}.Debug|Any CPU.ActiveCfg = Debug|Any CPU
		{62A3286A-F04E-92AE-A264-B3524147BB0B}.Debug|Any CPU.Build.0 = Debug|Any CPU
		{62A3286A-F04E-92AE-A264-B3524147BB0B}.Release|Any CPU.ActiveCfg = Release|Any CPU
		{62A3286A-F04E-92AE-A264-B3524147BB0B}.Release|Any CPU.Build.0 = Release|Any CPU
		{2A558AD0-A73C-4D6A-D03B-87ECEE2B988F}.Debug|Any CPU.ActiveCfg = Debug|Any CPU
		{2A558AD0-A73C-4D6A-D03B-87ECEE2B988F}.Debug|Any CPU.Build.0 = Debug|Any CPU
		{2A558AD0-A73C-4D6A-D03B-87ECEE2B988F}.Release|Any CPU.ActiveCfg = Release|Any CPU
		{2A558AD0-A73C-4D6A-D03B-87ECEE2B988F}.Release|Any CPU.Build.0 = Release|Any CPU
		{9BC26C9D-4DF6-1B2B-4495-5A4649C7DE30}.Debug|Any CPU.ActiveCfg = Debug|Any CPU
		{9BC26C9D-4DF6-1B2B-4495-5A4649C7DE30}.Debug|Any CPU.Build.0 = Debug|Any CPU
		{9BC26C9D-4DF6-1B2B-4495-5A4649C7DE30}.Release|Any CPU.ActiveCfg = Release|Any CPU
		{9BC26C9D-4DF6-1B2B-4495-5A4649C7DE30}.Release|Any CPU.Build.0 = Release|Any CPU
		{373E1830-4DF0-2302-A7FF-30E18B1D8CB8}.Debug|Any CPU.ActiveCfg = Debug|Any CPU
		{373E1830-4DF0-2302-A7FF-30E18B1D8CB8}.Debug|Any CPU.Build.0 = Debug|Any CPU
		{373E1830-4DF0-2302-A7FF-30E18B1D8CB8}.Release|Any CPU.ActiveCfg = Release|Any CPU
		{373E1830-4DF0-2302-A7FF-30E18B1D8CB8}.Release|Any CPU.Build.0 = Release|Any CPU
		{DA5F96D9-A037-4129-F4A0-24D54F9C485C}.Debug|Any CPU.ActiveCfg = Debug|Any CPU
		{DA5F96D9-A037-4129-F4A0-24D54F9C485C}.Debug|Any CPU.Build.0 = Debug|Any CPU
		{DA5F96D9-A037-4129-F4A0-24D54F9C485C}.Release|Any CPU.ActiveCfg = Release|Any CPU
		{DA5F96D9-A037-4129-F4A0-24D54F9C485C}.Release|Any CPU.Build.0 = Release|Any CPU
		{74DDF6FA-93EA-8D6B-4C5D-1451D1C91AED}.Debug|Any CPU.ActiveCfg = Debug|Any CPU
		{74DDF6FA-93EA-8D6B-4C5D-1451D1C91AED}.Debug|Any CPU.Build.0 = Debug|Any CPU
		{74DDF6FA-93EA-8D6B-4C5D-1451D1C91AED}.Release|Any CPU.ActiveCfg = Release|Any CPU
		{74DDF6FA-93EA-8D6B-4C5D-1451D1C91AED}.Release|Any CPU.Build.0 = Release|Any CPU
		{37DD7C70-4869-A1FF-C073-6644036DF9A0}.Debug|Any CPU.ActiveCfg = Debug|Any CPU
		{37DD7C70-4869-A1FF-C073-6644036DF9A0}.Debug|Any CPU.Build.0 = Debug|Any CPU
		{37DD7C70-4869-A1FF-C073-6644036DF9A0}.Release|Any CPU.ActiveCfg = Release|Any CPU
		{37DD7C70-4869-A1FF-C073-6644036DF9A0}.Release|Any CPU.Build.0 = Release|Any CPU
		{99C086AF-BD6F-BA73-B654-476FB7D8351E}.Debug|Any CPU.ActiveCfg = Debug|Any CPU
		{99C086AF-BD6F-BA73-B654-476FB7D8351E}.Debug|Any CPU.Build.0 = Debug|Any CPU
		{99C086AF-BD6F-BA73-B654-476FB7D8351E}.Release|Any CPU.ActiveCfg = Release|Any CPU
		{99C086AF-BD6F-BA73-B654-476FB7D8351E}.Release|Any CPU.Build.0 = Release|Any CPU
		{9D5475A4-2E15-F008-93EC-6C6450E48C1F}.Debug|Any CPU.ActiveCfg = Debug|Any CPU
		{9D5475A4-2E15-F008-93EC-6C6450E48C1F}.Debug|Any CPU.Build.0 = Debug|Any CPU
		{9D5475A4-2E15-F008-93EC-6C6450E48C1F}.Release|Any CPU.ActiveCfg = Release|Any CPU
		{9D5475A4-2E15-F008-93EC-6C6450E48C1F}.Release|Any CPU.Build.0 = Release|Any CPU
		{340F46B3-D4A9-D447-7632-FE0385036747}.Debug|Any CPU.ActiveCfg = Debug|Any CPU
		{340F46B3-D4A9-D447-7632-FE0385036747}.Debug|Any CPU.Build.0 = Debug|Any CPU
		{340F46B3-D4A9-D447-7632-FE0385036747}.Release|Any CPU.ActiveCfg = Release|Any CPU
		{340F46B3-D4A9-D447-7632-FE0385036747}.Release|Any CPU.Build.0 = Release|Any CPU
		{6117E76C-834E-95A8-9705-D192C2F35D23}.Debug|Any CPU.ActiveCfg = Debug|Any CPU
		{6117E76C-834E-95A8-9705-D192C2F35D23}.Debug|Any CPU.Build.0 = Debug|Any CPU
		{6117E76C-834E-95A8-9705-D192C2F35D23}.Release|Any CPU.ActiveCfg = Release|Any CPU
		{6117E76C-834E-95A8-9705-D192C2F35D23}.Release|Any CPU.Build.0 = Release|Any CPU
		{A434A4CD-CD03-1D63-CD13-DAF561E9F06C}.Debug|Any CPU.ActiveCfg = Debug|Any CPU
		{A434A4CD-CD03-1D63-CD13-DAF561E9F06C}.Debug|Any CPU.Build.0 = Debug|Any CPU
		{A434A4CD-CD03-1D63-CD13-DAF561E9F06C}.Release|Any CPU.ActiveCfg = Release|Any CPU
		{A434A4CD-CD03-1D63-CD13-DAF561E9F06C}.Release|Any CPU.Build.0 = Release|Any CPU
		{7A33DE75-6FDE-3D6A-FA6D-7599A84A9A0B}.Debug|Any CPU.ActiveCfg = Debug|Any CPU
		{7A33DE75-6FDE-3D6A-FA6D-7599A84A9A0B}.Debug|Any CPU.Build.0 = Debug|Any CPU
		{7A33DE75-6FDE-3D6A-FA6D-7599A84A9A0B}.Release|Any CPU.ActiveCfg = Release|Any CPU
		{7A33DE75-6FDE-3D6A-FA6D-7599A84A9A0B}.Release|Any CPU.Build.0 = Release|Any CPU
		{E3BFC726-82A4-A82F-1ED2-2FC4A2A05118}.Debug|Any CPU.ActiveCfg = Debug|Any CPU
		{E3BFC726-82A4-A82F-1ED2-2FC4A2A05118}.Debug|Any CPU.Build.0 = Debug|Any CPU
		{E3BFC726-82A4-A82F-1ED2-2FC4A2A05118}.Release|Any CPU.ActiveCfg = Release|Any CPU
		{E3BFC726-82A4-A82F-1ED2-2FC4A2A05118}.Release|Any CPU.Build.0 = Release|Any CPU
		{0D01BF4A-5440-84ED-6602-8D39AE7BE85C}.Debug|Any CPU.ActiveCfg = Debug|Any CPU
		{0D01BF4A-5440-84ED-6602-8D39AE7BE85C}.Debug|Any CPU.Build.0 = Debug|Any CPU
		{0D01BF4A-5440-84ED-6602-8D39AE7BE85C}.Release|Any CPU.ActiveCfg = Release|Any CPU
		{0D01BF4A-5440-84ED-6602-8D39AE7BE85C}.Release|Any CPU.Build.0 = Release|Any CPU
		{CFC042CC-F879-C4FF-6688-9972229B19C1}.Debug|Any CPU.ActiveCfg = Debug|Any CPU
		{CFC042CC-F879-C4FF-6688-9972229B19C1}.Debug|Any CPU.Build.0 = Debug|Any CPU
		{CFC042CC-F879-C4FF-6688-9972229B19C1}.Release|Any CPU.ActiveCfg = Release|Any CPU
		{CFC042CC-F879-C4FF-6688-9972229B19C1}.Release|Any CPU.Build.0 = Release|Any CPU
		{CE0BB6FC-077A-508B-C63E-985F7D6599A9}.Debug|Any CPU.ActiveCfg = Debug|Any CPU
		{CE0BB6FC-077A-508B-C63E-985F7D6599A9}.Debug|Any CPU.Build.0 = Debug|Any CPU
		{CE0BB6FC-077A-508B-C63E-985F7D6599A9}.Release|Any CPU.ActiveCfg = Release|Any CPU
		{CE0BB6FC-077A-508B-C63E-985F7D6599A9}.Release|Any CPU.Build.0 = Release|Any CPU
		{2F4EE92E-4802-C3EE-35DB-847457484F47}.Debug|Any CPU.ActiveCfg = Debug|Any CPU
		{2F4EE92E-4802-C3EE-35DB-847457484F47}.Debug|Any CPU.Build.0 = Debug|Any CPU
		{2F4EE92E-4802-C3EE-35DB-847457484F47}.Release|Any CPU.ActiveCfg = Release|Any CPU
		{2F4EE92E-4802-C3EE-35DB-847457484F47}.Release|Any CPU.Build.0 = Release|Any CPU
		{686D6D1E-E008-BA33-A0EB-0999FB26FB97}.Debug|Any CPU.ActiveCfg = Debug|Any CPU
		{686D6D1E-E008-BA33-A0EB-0999FB26FB97}.Debug|Any CPU.Build.0 = Debug|Any CPU
		{686D6D1E-E008-BA33-A0EB-0999FB26FB97}.Release|Any CPU.ActiveCfg = Release|Any CPU
		{686D6D1E-E008-BA33-A0EB-0999FB26FB97}.Release|Any CPU.Build.0 = Release|Any CPU
		{0BDFABE3-BF93-D10C-5A4A-9FE8854304B4}.Debug|Any CPU.ActiveCfg = Debug|Any CPU
		{0BDFABE3-BF93-D10C-5A4A-9FE8854304B4}.Debug|Any CPU.Build.0 = Debug|Any CPU
		{0BDFABE3-BF93-D10C-5A4A-9FE8854304B4}.Release|Any CPU.ActiveCfg = Release|Any CPU
		{0BDFABE3-BF93-D10C-5A4A-9FE8854304B4}.Release|Any CPU.Build.0 = Release|Any CPU
		{134D9B62-AF07-6574-410F-E91D3758CADB}.Debug|Any CPU.ActiveCfg = Debug|Any CPU
		{134D9B62-AF07-6574-410F-E91D3758CADB}.Debug|Any CPU.Build.0 = Debug|Any CPU
		{134D9B62-AF07-6574-410F-E91D3758CADB}.Release|Any CPU.ActiveCfg = Release|Any CPU
		{134D9B62-AF07-6574-410F-E91D3758CADB}.Release|Any CPU.Build.0 = Release|Any CPU
		{EECD0BFD-658C-C30F-F439-3395047DA825}.Debug|Any CPU.ActiveCfg = Debug|Any CPU
		{EECD0BFD-658C-C30F-F439-3395047DA825}.Debug|Any CPU.Build.0 = Debug|Any CPU
		{EECD0BFD-658C-C30F-F439-3395047DA825}.Release|Any CPU.ActiveCfg = Release|Any CPU
		{EECD0BFD-658C-C30F-F439-3395047DA825}.Release|Any CPU.Build.0 = Release|Any CPU
		{EAF24FB5-D15E-EA06-804F-A9835A97AE98}.Debug|Any CPU.ActiveCfg = Debug|Any CPU
		{EAF24FB5-D15E-EA06-804F-A9835A97AE98}.Debug|Any CPU.Build.0 = Debug|Any CPU
		{EAF24FB5-D15E-EA06-804F-A9835A97AE98}.Release|Any CPU.ActiveCfg = Release|Any CPU
		{EAF24FB5-D15E-EA06-804F-A9835A97AE98}.Release|Any CPU.Build.0 = Release|Any CPU
		{C44B8337-F22B-1414-471F-1E9B8209CE26}.Debug|Any CPU.ActiveCfg = Debug|Any CPU
		{C44B8337-F22B-1414-471F-1E9B8209CE26}.Debug|Any CPU.Build.0 = Debug|Any CPU
		{C44B8337-F22B-1414-471F-1E9B8209CE26}.Release|Any CPU.ActiveCfg = Release|Any CPU
		{C44B8337-F22B-1414-471F-1E9B8209CE26}.Release|Any CPU.Build.0 = Release|Any CPU
		{204969D6-759E-5D15-3EC0-238394BBC153}.Debug|Any CPU.ActiveCfg = Debug|Any CPU
		{204969D6-759E-5D15-3EC0-238394BBC153}.Debug|Any CPU.Build.0 = Debug|Any CPU
		{204969D6-759E-5D15-3EC0-238394BBC153}.Release|Any CPU.ActiveCfg = Release|Any CPU
		{204969D6-759E-5D15-3EC0-238394BBC153}.Release|Any CPU.Build.0 = Release|Any CPU
		{F1FB1EFF-373A-5DFF-E062-8150C721D8A5}.Debug|Any CPU.ActiveCfg = Debug|Any CPU
		{F1FB1EFF-373A-5DFF-E062-8150C721D8A5}.Debug|Any CPU.Build.0 = Debug|Any CPU
		{F1FB1EFF-373A-5DFF-E062-8150C721D8A5}.Release|Any CPU.ActiveCfg = Release|Any CPU
		{F1FB1EFF-373A-5DFF-E062-8150C721D8A5}.Release|Any CPU.Build.0 = Release|Any CPU
		{4F33A7CC-2BD3-A42C-B120-1ADF3DBD1612}.Debug|Any CPU.ActiveCfg = Debug|Any CPU
		{4F33A7CC-2BD3-A42C-B120-1ADF3DBD1612}.Debug|Any CPU.Build.0 = Debug|Any CPU
		{4F33A7CC-2BD3-A42C-B120-1ADF3DBD1612}.Release|Any CPU.ActiveCfg = Release|Any CPU
		{4F33A7CC-2BD3-A42C-B120-1ADF3DBD1612}.Release|Any CPU.Build.0 = Release|Any CPU
		{AABD0773-5582-8616-F548-05896DC4303A}.Debug|Any CPU.ActiveCfg = Debug|Any CPU
		{AABD0773-5582-8616-F548-05896DC4303A}.Debug|Any CPU.Build.0 = Debug|Any CPU
		{AABD0773-5582-8616-F548-05896DC4303A}.Release|Any CPU.ActiveCfg = Release|Any CPU
		{AABD0773-5582-8616-F548-05896DC4303A}.Release|Any CPU.Build.0 = Release|Any CPU
		{C227DF84-0A06-1D47-A065-52F38C0A7438}.Debug|Any CPU.ActiveCfg = Debug|Any CPU
		{C227DF84-0A06-1D47-A065-52F38C0A7438}.Debug|Any CPU.Build.0 = Debug|Any CPU
		{C227DF84-0A06-1D47-A065-52F38C0A7438}.Release|Any CPU.ActiveCfg = Release|Any CPU
		{C227DF84-0A06-1D47-A065-52F38C0A7438}.Release|Any CPU.Build.0 = Release|Any CPU
		{EEE65E63-E3A9-A758-8653-C8262913D804}.Debug|Any CPU.ActiveCfg = Debug|Any CPU
		{EEE65E63-E3A9-A758-8653-C8262913D804}.Debug|Any CPU.Build.0 = Debug|Any CPU
		{EEE65E63-E3A9-A758-8653-C8262913D804}.Release|Any CPU.ActiveCfg = Release|Any CPU
		{EEE65E63-E3A9-A758-8653-C8262913D804}.Release|Any CPU.Build.0 = Release|Any CPU
		{9382A578-AE09-CB63-20B8-2995F7600EFF}.Debug|Any CPU.ActiveCfg = Debug|Any CPU
		{9382A578-AE09-CB63-20B8-2995F7600EFF}.Debug|Any CPU.Build.0 = Debug|Any CPU
		{9382A578-AE09-CB63-20B8-2995F7600EFF}.Release|Any CPU.ActiveCfg = Release|Any CPU
		{9382A578-AE09-CB63-20B8-2995F7600EFF}.Release|Any CPU.Build.0 = Release|Any CPU
		{39264E82-44BE-B4CC-B548-90133E5589C4}.Debug|Any CPU.ActiveCfg = Debug|Any CPU
		{39264E82-44BE-B4CC-B548-90133E5589C4}.Debug|Any CPU.Build.0 = Debug|Any CPU
		{39264E82-44BE-B4CC-B548-90133E5589C4}.Release|Any CPU.ActiveCfg = Release|Any CPU
		{39264E82-44BE-B4CC-B548-90133E5589C4}.Release|Any CPU.Build.0 = Release|Any CPU
		{04FDFF2B-BA78-0E49-2873-20BED02FCBAF}.Debug|Any CPU.ActiveCfg = Debug|Any CPU
		{04FDFF2B-BA78-0E49-2873-20BED02FCBAF}.Debug|Any CPU.Build.0 = Debug|Any CPU
		{04FDFF2B-BA78-0E49-2873-20BED02FCBAF}.Release|Any CPU.ActiveCfg = Release|Any CPU
		{04FDFF2B-BA78-0E49-2873-20BED02FCBAF}.Release|Any CPU.Build.0 = Release|Any CPU
		{3CA1DE4E-EC8D-402E-0A28-1ED0665A8123}.Debug|Any CPU.ActiveCfg = Debug|Any CPU
		{3CA1DE4E-EC8D-402E-0A28-1ED0665A8123}.Debug|Any CPU.Build.0 = Debug|Any CPU
		{3CA1DE4E-EC8D-402E-0A28-1ED0665A8123}.Release|Any CPU.ActiveCfg = Release|Any CPU
		{3CA1DE4E-EC8D-402E-0A28-1ED0665A8123}.Release|Any CPU.Build.0 = Release|Any CPU
		{0849427C-0BE4-6F77-23A2-BED966CA4785}.Debug|Any CPU.ActiveCfg = Debug|Any CPU
		{0849427C-0BE4-6F77-23A2-BED966CA4785}.Debug|Any CPU.Build.0 = Debug|Any CPU
		{0849427C-0BE4-6F77-23A2-BED966CA4785}.Release|Any CPU.ActiveCfg = Release|Any CPU
		{0849427C-0BE4-6F77-23A2-BED966CA4785}.Release|Any CPU.Build.0 = Release|Any CPU
		{C136EBFB-B187-3BB1-2D0A-7B799C8C3972}.Debug|Any CPU.ActiveCfg = Debug|Any CPU
		{C136EBFB-B187-3BB1-2D0A-7B799C8C3972}.Debug|Any CPU.Build.0 = Debug|Any CPU
		{C136EBFB-B187-3BB1-2D0A-7B799C8C3972}.Release|Any CPU.ActiveCfg = Release|Any CPU
		{C136EBFB-B187-3BB1-2D0A-7B799C8C3972}.Release|Any CPU.Build.0 = Release|Any CPU
		{FC969F46-1DDA-7E30-B18B-F0697DE17752}.Debug|Any CPU.ActiveCfg = Debug|Any CPU
		{FC969F46-1DDA-7E30-B18B-F0697DE17752}.Debug|Any CPU.Build.0 = Debug|Any CPU
		{FC969F46-1DDA-7E30-B18B-F0697DE17752}.Release|Any CPU.ActiveCfg = Release|Any CPU
		{FC969F46-1DDA-7E30-B18B-F0697DE17752}.Release|Any CPU.Build.0 = Release|Any CPU
		{6CFB2195-8A45-15D4-A892-3B0EF4C35164}.Debug|Any CPU.ActiveCfg = Debug|Any CPU
		{6CFB2195-8A45-15D4-A892-3B0EF4C35164}.Debug|Any CPU.Build.0 = Debug|Any CPU
		{6CFB2195-8A45-15D4-A892-3B0EF4C35164}.Release|Any CPU.ActiveCfg = Release|Any CPU
		{6CFB2195-8A45-15D4-A892-3B0EF4C35164}.Release|Any CPU.Build.0 = Release|Any CPU
	EndGlobalSection
	GlobalSection(SolutionProperties) = preSolution
		HideSolutionNode = FALSE
	EndGlobalSection
EndGlobal
